dependencies:
- name: frontend-service
  repository: file://../frontend-service
  version: 1.0.0
- name: gateway-service
  repository: file://../gateway-service
  version: 1.0.0
- name: user-service
  repository: file://../user-service
  version: 1.0.0
- name: license-service
  repository: file://../license-service
  version: 1.0.0
- name: ticketing-service
  repository: file://../ticketing-service
  version: 1.0.0
- name: operation-service
  repository: file://../operation-service
  version: 1.0.0
- name: fleet-service
  repository: file://../fleet-service
  version: 1.0.0
- name: finance-service
  repository: file://../finance-service
  version: 1.0.0
- name: reporting-service
  repository: file://../reporting-service
  version: 1.0.0
- name: store-service
  repository: file://../store-service
  version: 1.0.0
- name: hse-service
  repository: file://../hse-service
  version: 1.0.0
- name: compliance-service
  repository: file://../compliance-service
  version: 1.0.0
- name: subcontracts-service
  repository: file://../subcontracts-service
  version: 1.0.0
- name: redis
  repository: https://charts.bitnami.com/bitnami
  version: 25.3.7
- name: postgresql
  repository: https://charts.bitnami.com/bitnami
  version: 18.5.11
digest: sha256:f40e93aa8c442a1a0284362e23a37736b7601826db5e2b89965f0d9b833185a1
generated: "2026-07-17T13:37:40.103599398+02:00"
